speakeasyVersion: 1.542.3
sources:
    Unkey-OAS:
        sourceNamespace: unkey-oas
        sourceRevisionDigest: sha256:38541335b6c2baa86e9bb48e5f48e363c67f0cb9671ace6ea3197049914429eb
        sourceBlobDigest: sha256:6f9c07a1b56658b1abbb1cdb2ae679b8f0e0f83ff33ae18245ce7a352580892e
        tags:
            - latest
            - speakeasy-sdk-regen-1753834304
            - 1.0.0
targets:
    unkey:
        source: Unkey-OAS
        sourceNamespace: unkey-oas
        sourceRevisionDigest: sha256:38541335b6c2baa86e9bb48e5f48e363c67f0cb9671ace6ea3197049914429eb
        sourceBlobDigest: sha256:6f9c07a1b56658b1abbb1cdb2ae679b8f0e0f83ff33ae18245ce7a352580892e
        codeSamplesNamespace: unkey-oas-python-code-samples
        codeSamplesRevisionDigest: sha256:12ef0b11e5efec939efa05e23d7de67dfa6b781f61c81fe02b111d40586735a5
workflow:
    workflowVersion: 1.0.0
    speakeasyVersion: latest
    sources:
        Unkey-OAS:
            inputs:
                - location: https://api.unkey.dev/openapi.json
            overlays:
                - location: .speakeasy/speakeasy-modifications-overlay.yaml
            registry:
                location: registry.speakeasyapi.dev/unkey/unkey/unkey-oas
    targets:
        unkey:
            target: python
            source: Unkey-OAS
            publish:
                pypi:
                    token: $pypi_token
            codeSamples:
                registry:
                    location: registry.speakeasyapi.dev/unkey/unkey/unkey-oas-python-code-samples
                blocking: false
