speakeasyVersion: 1.493.0
sources:
    Unkey-OAS:
        sourceNamespace: unkey-oas
        sourceRevisionDigest: sha256:fa518a97a9de28a61cafad7715db070dd29875548fe33c4cb9304e8d3fa1a61d
        sourceBlobDigest: sha256:31a7bbf552f587b96fd70ce26ef83972310736069ec8a2f21b276dc4a81da876
        tags:
            - latest
            - speakeasy-sdk-regen-1736900721
            - 1.0.0
targets:
    unkey:
        source: Unkey-OAS
        sourceNamespace: unkey-oas
        sourceRevisionDigest: sha256:fa518a97a9de28a61cafad7715db070dd29875548fe33c4cb9304e8d3fa1a61d
        sourceBlobDigest: sha256:31a7bbf552f587b96fd70ce26ef83972310736069ec8a2f21b276dc4a81da876
        codeSamplesNamespace: unkey-oas-python-code-samples
        codeSamplesRevisionDigest: sha256:ad99a1bf67635a20011adb87b7cfb608b3c7bab1173bc48e12d5e9d164877ca5
workflow:
    workflowVersion: 1.0.0
    speakeasyVersion: latest
    sources:
        Unkey-OAS:
            inputs:
                - location: https://api.unkey.dev/openapi.json
            overlays:
                - location: .speakeasy/speakeasy-modifications-overlay.yaml
            registry:
                location: registry.speakeasyapi.dev/unkey/unkey/unkey-oas
    targets:
        unkey:
            target: python
            source: Unkey-OAS
            publish:
                pypi:
                    token: $pypi_token
            codeSamples:
                registry:
                    location: registry.speakeasyapi.dev/unkey/unkey/unkey-oas-python-code-samples
                blocking: false
