speakeasyVersion: 1.542.3
sources:
    Unkey-OAS:
        sourceNamespace: unkey-oas
        sourceRevisionDigest: sha256:fc362948f587e603855235404e03268824b67f4757e5a06b274d6415e83e6c87
        sourceBlobDigest: sha256:565e0082e7420c6fcc569b5b559de3a3664994ac8747f817c56e87c3027de63a
        tags:
            - latest
            - speakeasy-sdk-regen-1753315870
            - 1.0.0
targets:
    unkey:
        source: Unkey-OAS
        sourceNamespace: unkey-oas
        sourceRevisionDigest: sha256:fc362948f587e603855235404e03268824b67f4757e5a06b274d6415e83e6c87
        sourceBlobDigest: sha256:565e0082e7420c6fcc569b5b559de3a3664994ac8747f817c56e87c3027de63a
        codeSamplesNamespace: unkey-oas-python-code-samples
        codeSamplesRevisionDigest: sha256:12ef0b11e5efec939efa05e23d7de67dfa6b781f61c81fe02b111d40586735a5
workflow:
    workflowVersion: 1.0.0
    speakeasyVersion: latest
    sources:
        Unkey-OAS:
            inputs:
                - location: https://api.unkey.dev/openapi.json
            overlays:
                - location: .speakeasy/speakeasy-modifications-overlay.yaml
            registry:
                location: registry.speakeasyapi.dev/unkey/unkey/unkey-oas
    targets:
        unkey:
            target: python
            source: Unkey-OAS
            publish:
                pypi:
                    token: $pypi_token
            codeSamples:
                registry:
                    location: registry.speakeasyapi.dev/unkey/unkey/unkey-oas-python-code-samples
                blocking: false
